version = 1
revision = 3
requires-python = ">=3.11"

[[package]]
name = "base-repo"
version = "0.1.0"
source = { editable = "." }

[package.dev-dependencies]
dev = [
    { name = "ruff" },
    { name = "ty" },
]

[package.metadata]

[package.metadata.requires-dev]
dev = [
    { name = "ruff", specifier = ">=0.13.2" },
    { name = "ty", specifier = ">=0.0.13" },
]

[[package]]
name = "ruff"
version = "0.13.2"
source = { registry = "https://pypi.org/simple" }
sdist = { url = "https://files.pythonhosted.org/packages/02/df/8d7d8c515d33adfc540e2edf6c6021ea1c5a58a678d8cfce9fae59aabcab/ruff-0.13.2.tar.gz", hash = "sha256:cb12fffd32fb16d32cef4ed16d8c7cdc27ed7c944eaa98d99d01ab7ab0b710ff", size = 5416417, upload-time = "2025-09-25T14:54:09.936Z" }
wheels = [
    { url = "https://files.pythonhosted.org/packages/6e/84/5716a7fa4758e41bf70e603e13637c42cfb9dbf7ceb07180211b9bbf75ef/ruff-0.13.2-py3-none-linux_armv6l.whl", hash = "sha256:3796345842b55f033a78285e4f1641078f902020d8450cade03aad01bffd81c3", size = 12343254, upload-time = "2025-09-25T14:53:27.784Z" },
    { url = "https://files.pythonhosted.org/packages/9b/77/c7042582401bb9ac8eff25360e9335e901d7a1c0749a2b28ba4ecb239991/ruff-0.13.2-py3-none-macosx_10_12_x86_64.whl", hash = "sha256:ff7e4dda12e683e9709ac89e2dd436abf31a4d8a8fc3d89656231ed808e231d2", size = 13040891, upload-time = "2025-09-25T14:53:31.38Z" },
    { url = "https://files.pythonhosted.org/packages/c6/15/125a7f76eb295cb34d19c6778e3a82ace33730ad4e6f28d3427e134a02e0/ruff-0.13.2-py3-none-macosx_11_0_arm64.whl", hash = "sha256:c75e9d2a2fafd1fdd895d0e7e24b44355984affdde1c412a6f6d3f6e16b22d46", size = 12243588, upload-time = "2025-09-25T14:53:33.543Z" },
    { url = "https://files.pythonhosted.org/packages/9e/eb/0093ae04a70f81f8be7fd7ed6456e926b65d238fc122311293d033fdf91e/ruff-0.13.2-py3-none-manylinux_2_17_aarch64.manylinux2014_aarch64.whl", hash = "sha256:cceac74e7bbc53ed7d15d1042ffe7b6577bf294611ad90393bf9b2a0f0ec7cb6", size = 12491359, upload-time = "2025-09-25T14:53:35.892Z" },
    { url = "https://files.pythonhosted.org/packages/43/fe/72b525948a6956f07dad4a6f122336b6a05f2e3fd27471cea612349fedb9/ruff-0.13.2-py3-none-manylinux_2_17_armv7l.manylinux2014_armv7l.whl", hash = "sha256:6ae3f469b5465ba6d9721383ae9d49310c19b452a161b57507764d7ef15f4b07", size = 12162486, upload-time = "2025-09-25T14:53:38.171Z" },
    { url = "https://files.pythonhosted.org/packages/6a/e3/0fac422bbbfb2ea838023e0d9fcf1f30183d83ab2482800e2cb892d02dfe/ruff-0.13.2-py3-none-manylinux_2_17_i686.manylinux2014_i686.whl", hash = "sha256:4f8f9e3cd6714358238cd6626b9d43026ed19c0c018376ac1ef3c3a04ffb42d8", size = 13871203, upload-time = "2025-09-25T14:53:41.943Z" },
    { url = "https://files.pythonhosted.org/packages/6b/82/b721c8e3ec5df6d83ba0e45dcf00892c4f98b325256c42c38ef136496cbf/ruff-0.13.2-py3-none-manylinux_2_17_ppc64.manylinux2014_ppc64.whl", hash = "sha256:c6ed79584a8f6cbe2e5d7dbacf7cc1ee29cbdb5df1172e77fbdadc8bb85a1f89", size = 14929635, upload-time = "2025-09-25T14:53:43.953Z" },
    { url = "https://files.pythonhosted.org/packages/c4/a0/ad56faf6daa507b83079a1ad7a11694b87d61e6bf01c66bd82b466f21821/ruff-0.13.2-py3-none-manylinux_2_17_ppc64le.manylinux2014_ppc64le.whl", hash = "sha256:aed130b2fde049cea2019f55deb939103123cdd191105f97a0599a3e753d61b0", size = 14338783, upload-time = "2025-09-25T14:53:46.205Z" },
    { url = "https://files.pythonhosted.org/packages/47/77/ad1d9156db8f99cd01ee7e29d74b34050e8075a8438e589121fcd25c4b08/ruff-0.13.2-py3-none-manylinux_2_17_s390x.manylinux2014_s390x.whl", hash = "sha256:1887c230c2c9d65ed1b4e4cfe4d255577ea28b718ae226c348ae68df958191aa", size = 13355322, upload-time = "2025-09-25T14:53:48.164Z" },
    { url = "https://files.pythonhosted.org/packages/64/8b/e87cfca2be6f8b9f41f0bb12dc48c6455e2d66df46fe61bb441a226f1089/ruff-0.13.2-py3-none-manylinux_2_17_x86_64.manylinux2014_x86_64.whl", hash = "sha256:5bcb10276b69b3cfea3a102ca119ffe5c6ba3901e20e60cf9efb53fa417633c3", size = 13354427, upload-time = "2025-09-25T14:53:50.486Z" },
    { url = "https://files.pythonhosted.org/packages/7f/df/bf382f3fbead082a575edb860897287f42b1b3c694bafa16bc9904c11ed3/ruff-0.13.2-py3-none-manylinux_2_31_riscv64.whl", hash = "sha256:afa721017aa55a555b2ff7944816587f1cb813c2c0a882d158f59b832da1660d", size = 13537637, upload-time = "2025-09-25T14:53:52.887Z" },
    { url = "https://files.pythonhosted.org/packages/51/70/1fb7a7c8a6fc8bd15636288a46e209e81913b87988f26e1913d0851e54f4/ruff-0.13.2-py3-none-musllinux_1_2_aarch64.whl", hash = "sha256:1dbc875cf3720c64b3990fef8939334e74cb0ca65b8dbc61d1f439201a38101b", size = 12340025, upload-time = "2025-09-25T14:53:54.88Z" },
    { url = "https://files.pythonhosted.org/packages/4c/27/1e5b3f1c23ca5dd4106d9d580e5c13d9acb70288bff614b3d7b638378cc9/ruff-0.13.2-py3-none-musllinux_1_2_armv7l.whl", hash = "sha256:5b939a1b2a960e9742e9a347e5bbc9b3c3d2c716f86c6ae273d9cbd64f193f22", size = 12133449, upload-time = "2025-09-25T14:53:57.089Z" },
    { url = "https://files.pythonhosted.org/packages/2d/09/b92a5ccee289f11ab128df57d5911224197d8d55ef3bd2043534ff72ca54/ruff-0.13.2-py3-none-musllinux_1_2_i686.whl", hash = "sha256:50e2d52acb8de3804fc5f6e2fa3ae9bdc6812410a9e46837e673ad1f90a18736", size = 13051369, upload-time = "2025-09-25T14:53:59.124Z" },
    { url = "https://files.pythonhosted.org/packages/89/99/26c9d1c7d8150f45e346dc045cc49f23e961efceb4a70c47dea0960dea9a/ruff-0.13.2-py3-none-musllinux_1_2_x86_64.whl", hash = "sha256:3196bc13ab2110c176b9a4ae5ff7ab676faaa1964b330a1383ba20e1e19645f2", size = 13523644, upload-time = "2025-09-25T14:54:01.622Z" },
    { url = "https://files.pythonhosted.org/packages/f7/00/e7f1501e81e8ec290e79527827af1d88f541d8d26151751b46108978dade/ruff-0.13.2-py3-none-win32.whl", hash = "sha256:7c2a0b7c1e87795fec3404a485096bcd790216c7c146a922d121d8b9c8f1aaac", size = 12245990, upload-time = "2025-09-25T14:54:03.647Z" },
    { url = "https://files.pythonhosted.org/packages/ee/bd/d9f33a73de84fafd0146c6fba4f497c4565fe8fa8b46874b8e438869abc2/ruff-0.13.2-py3-none-win_amd64.whl", hash = "sha256:17d95fb32218357c89355f6f6f9a804133e404fc1f65694372e02a557edf8585", size = 13324004, upload-time = "2025-09-25T14:54:06.05Z" },
    { url = "https://files.pythonhosted.org/packages/c3/12/28fa2f597a605884deb0f65c1b1ae05111051b2a7030f5d8a4ff7f4599ba/ruff-0.13.2-py3-none-win_arm64.whl", hash = "sha256:da711b14c530412c827219312b7d7fbb4877fb31150083add7e8c5336549cea7", size = 12484437, upload-time = "2025-09-25T14:54:08.022Z" },
]

[[package]]
name = "ty"
version = "0.0.13"
source = { registry = "https://pypi.org/simple" }
sdist = { url = "https://files.pythonhosted.org/packages/5a/dc/b607f00916f5a7c52860b84a66dc17bc6988e8445e96b1d6e175a3837397/ty-0.0.13.tar.gz", hash = "sha256:7a1d135a400ca076407ea30012d1f75419634160ed3b9cad96607bf2956b23b3", size = 4999183, upload-time = "2026-01-21T13:21:16.133Z" }
wheels = [
    { url = "https://files.pythonhosted.org/packages/1a/df/3632f1918f4c0a33184f107efc5d436ab6da147fd3d3b94b3af6461efbf4/ty-0.0.13-py3-none-linux_armv6l.whl", hash = "sha256:1b2b8e02697c3a94c722957d712a0615bcc317c9b9497be116ef746615d892f2", size = 9993501, upload-time = "2026-01-21T13:21:26.628Z" },
    { url = "https://files.pythonhosted.org/packages/92/87/6a473ced5ac280c6ce5b1627c71a8a695c64481b99aabc798718376a441e/ty-0.0.13-py3-none-macosx_10_12_x86_64.whl", hash = "sha256:f15cdb8e233e2b5adfce673bb21f4c5e8eaf3334842f7eea3c70ac6fda8c1de5", size = 9860986, upload-time = "2026-01-21T13:21:24.425Z" },
    { url = "https://files.pythonhosted.org/packages/5d/9b/d89ae375cf0a7cd9360e1164ce017f8c753759be63b6a11ed4c944abe8c6/ty-0.0.13-py3-none-macosx_11_0_arm64.whl", hash = "sha256:0819e89ac9f0d8af7a062837ce197f0461fee2fc14fd07e2c368780d3a397b73", size = 9350748, upload-time = "2026-01-21T13:21:28.502Z" },
    { url = "https://files.pythonhosted.org/packages/a8/a6/9ad58518056fab344b20c0bb2c1911936ebe195318e8acc3bc45ac1c6b6b/ty-0.0.13-py3-none-manylinux_2_17_aarch64.manylinux2014_aarch64.whl", hash = "sha256:1de79f481084b7cc7a202ba0d7a75e10970d10ffa4f025b23f2e6b7324b74886", size = 9849884, upload-time = "2026-01-21T13:21:21.886Z" },
    { url = "https://files.pythonhosted.org/packages/b1/c3/8add69095fa179f523d9e9afcc15a00818af0a37f2b237a9b59bc0046c34/ty-0.0.13-py3-none-manylinux_2_17_armv7l.manylinux2014_armv7l.whl", hash = "sha256:4fb2154cff7c6e95d46bfaba283c60642616f20d73e5f96d0c89c269f3e1bcec", size = 9822975, upload-time = "2026-01-21T13:21:14.292Z" },
    { url = "https://files.pythonhosted.org/packages/a4/05/4c0927c68a0a6d43fb02f3f0b6c19c64e3461dc8ed6c404dde0efb8058f7/ty-0.0.13-py3-none-manylinux_2_17_i686.manylinux2014_i686.whl", hash = "sha256:00be58d89337c27968a20d58ca553458608c5b634170e2bec82824c2e4cf4d96", size = 10294045, upload-time = "2026-01-21T13:21:30.505Z" },
    { url = "https://files.pythonhosted.org/packages/b4/86/6dc190838aba967557fe0bfd494c595d00b5081315a98aaf60c0e632aaeb/ty-0.0.13-py3-none-manylinux_2_17_ppc64le.manylinux2014_ppc64le.whl", hash = "sha256:72435eade1fa58c6218abb4340f43a6c3ff856ae2dc5722a247d3a6dd32e9737", size = 10916460, upload-time = "2026-01-21T13:21:07.788Z" },
    { url = "https://files.pythonhosted.org/packages/04/40/9ead96b7c122e1109dfcd11671184c3506996bf6a649306ec427e81d9544/ty-0.0.13-py3-none-manylinux_2_17_s390x.manylinux2014_s390x.whl", hash = "sha256:77a548742ee8f621d718159e7027c3b555051d096a49bb580249a6c5fc86c271", size = 10597154, upload-time = "2026-01-21T13:21:18.064Z" },
    { url = "https://files.pythonhosted.org/packages/aa/7d/e832a2c081d2be845dc6972d0c7998914d168ccbc0b9c86794419ab7376e/ty-0.0.13-py3-none-manylinux_2_17_x86_64.manylinux2014_x86_64.whl", hash = "sha256:da067c57c289b7cf914669704b552b6207c2cc7f50da4118c3e12388642e6b3f", size = 10410710, upload-time = "2026-01-21T13:21:12.388Z" },
    { url = "https://files.pythonhosted.org/packages/31/e3/898be3a96237a32f05c4c29b43594dc3b46e0eedfe8243058e46153b324f/ty-0.0.13-py3-none-musllinux_1_2_aarch64.whl", hash = "sha256:d1b50a01fffa140417fca5a24b658fbe0734074a095d5b6f0552484724474343", size = 9826299, upload-time = "2026-01-21T13:21:00.845Z" },
    { url = "https://files.pythonhosted.org/packages/bb/eb/db2d852ce0ed742505ff18ee10d7d252f3acfd6fc60eca7e9c7a0288a6d8/ty-0.0.13-py3-none-musllinux_1_2_armv7l.whl", hash = "sha256:0f33c46f52e5e9378378eca0d8059f026f3c8073ace02f7f2e8d079ddfe5207e", size = 9831610, upload-time = "2026-01-21T13:21:05.842Z" },
    { url = "https://files.pythonhosted.org/packages/9e/61/149f59c8abaddcbcbb0bd13b89c7741ae1c637823c5cf92ed2c644fcadef/ty-0.0.13-py3-none-musllinux_1_2_i686.whl", hash = "sha256:168eda24d9a0b202cf3758c2962cc295878842042b7eca9ed2965259f59ce9f2", size = 9978885, upload-time = "2026-01-21T13:21:10.306Z" },
    { url = "https://files.pythonhosted.org/packages/a0/cd/026d4e4af60a80918a8d73d2c42b8262dd43ab2fa7b28d9743004cb88d57/ty-0.0.13-py3-none-musllinux_1_2_x86_64.whl", hash = "sha256:d4917678b95dc8cb399cc459fab568ba8d5f0f33b7a94bf840d9733043c43f29", size = 10506453, upload-time = "2026-01-21T13:20:56.633Z" },
    { url = "https://files.pythonhosted.org/packages/63/06/8932833a4eca2df49c997a29afb26721612de8078ae79074c8fe87e17516/ty-0.0.13-py3-none-win32.whl", hash = "sha256:c1f2ec40daa405508b053e5b8e440fbae5fdb85c69c9ab0ee078f8bc00eeec3d", size = 9433482, upload-time = "2026-01-21T13:20:58.717Z" },
    { url = "https://files.pythonhosted.org/packages/aa/fd/e8d972d1a69df25c2cecb20ea50e49ad5f27a06f55f1f5f399a563e71645/ty-0.0.13-py3-none-win_amd64.whl", hash = "sha256:8b7b1ab9f187affbceff89d51076038363b14113be29bda2ddfa17116de1d476", size = 10319156, upload-time = "2026-01-21T13:21:03.266Z" },
    { url = "https://files.pythonhosted.org/packages/2d/c2/05fdd64ac003a560d4fbd1faa7d9a31d75df8f901675e5bed1ee2ceeff87/ty-0.0.13-py3-none-win_arm64.whl", hash = "sha256:1c9630333497c77bb9bcabba42971b96ee1f36c601dd3dcac66b4134f9fa38f0", size = 9808316, upload-time = "2026-01-21T13:20:54.053Z" },
]
